// !$*UTF8*$!
{
	archiveVersion = 1;
	classes = {
	};
	objectVersion = 51;
	objects = {

/* Begin PBXBuildFile section */
		603486E82591009C0060EF0C /* Extensions.swift in Sources */ = {isa = PBXBuildFile; fileRef = 603486E72591009C0060EF0C /* Extensions.swift */; };
		603486F3259106840060EF0C /* UpAndDownGameViewController.swift in Sources */ = {isa = PBXBuildFile; fileRef = 603486F2259106840060EF0C /* UpAndDownGameViewController.swift */; };
		606416F525A6EBE9004ED168 /* InputNumberViewController.swift in Sources */ = {isa = PBXBuildFile; fileRef = 606416F425A6EBE9004ED168 /* InputNumberViewController.swift */; };
		606416F925A6ED9C004ED168 /* Array+Chunked.swift in Sources */ = {isa = PBXBuildFile; fileRef = 606416F825A6ED9C004ED168 /* Array+Chunked.swift */; };
		609257A225A8F16600D407B0 /* UIImageFromUIColor.swift in Sources */ = {isa = PBXBuildFile; fileRef = 609257A125A8F16600D407B0 /* UIImageFromUIColor.swift */; };
		60D7B6952590FFE20078E884 /* GameCell.swift in Sources */ = {isa = PBXBuildFile; fileRef = 60D7B6942590FFE20078E884 /* GameCell.swift */; };
		60DCA7AE258B4E94009BD9B4 /* AppDelegate.swift in Sources */ = {isa = PBXBuildFile; fileRef = 60DCA7AD258B4E94009BD9B4 /* AppDelegate.swift */; };
		60DCA7B0258B4E94009BD9B4 /* SceneDelegate.swift in Sources */ = {isa = PBXBuildFile; fileRef = 60DCA7AF258B4E94009BD9B4 /* SceneDelegate.swift */; };
		60DCA7B7258B4E97009BD9B4 /* Assets.xcassets in Resources */ = {isa = PBXBuildFile; fileRef = 60DCA7B6258B4E97009BD9B4 /* Assets.xcassets */; };
		60DCA7BA258B4E97009BD9B4 /* LaunchScreen.storyboard in Resources */ = {isa = PBXBuildFile; fileRef = 60DCA7B8258B4E97009BD9B4 /* LaunchScreen.storyboard */; };
		60DCB0022590E5E9009BD9B4 /* GameListViewController.swift in Sources */ = {isa = PBXBuildFile; fileRef = 60DCB0012590E5E9009BD9B4 /* GameListViewController.swift */; };
		87A6F1EAF8FD7339273E9688 /* Pods_NumberGame.framework in Frameworks */ = {isa = PBXBuildFile; fileRef = B5630E1C8B110FDEBD954711 /* Pods_NumberGame.framework */; };
		FF83C26A25AA3E920020E7EC /* UIColore+Init.swift in Sources */ = {isa = PBXBuildFile; fileRef = FF83C26925AA3E920020E7EC /* UIColore+Init.swift */; };
/* End PBXBuildFile section */

/* Begin PBXFileReference section */
		0BE6DD22B5D21258449E3469 /* Pods-NumberGame.release.xcconfig */ = {isa = PBXFileReference; includeInIndex = 1; lastKnownFileType = text.xcconfig; name = "Pods-NumberGame.release.xcconfig"; path = "Target Support Files/Pods-NumberGame/Pods-NumberGame.release.xcconfig"; sourceTree = "<group>"; };
		603486E72591009C0060EF0C /* Extensions.swift */ = {isa = PBXFileReference; lastKnownFileType = sourcecode.swift; path = Extensions.swift; sourceTree = "<group>"; };
		603486F2259106840060EF0C /* UpAndDownGameViewController.swift */ = {isa = PBXFileReference; lastKnownFileType = sourcecode.swift; path = UpAndDownGameViewController.swift; sourceTree = "<group>"; };
		606416F425A6EBE9004ED168 /* InputNumberViewController.swift */ = {isa = PBXFileReference; lastKnownFileType = sourcecode.swift; path = InputNumberViewController.swift; sourceTree = "<group>"; };
		606416F825A6ED9C004ED168 /* Array+Chunked.swift */ = {isa = PBXFileReference; lastKnownFileType = sourcecode.swift; path = "Array+Chunked.swift"; sourceTree = "<group>"; };
		609257A125A8F16600D407B0 /* UIImageFromUIColor.swift */ = {isa = PBXFileReference; lastKnownFileType = sourcecode.swift; path = UIImageFromUIColor.swift; sourceTree = "<group>"; };
		60D7B6942590FFE20078E884 /* GameCell.swift */ = {isa = PBXFileReference; lastKnownFileType = sourcecode.swift; path = GameCell.swift; sourceTree = "<group>"; };
		60DCA7AA258B4E94009BD9B4 /* NumberGame.app */ = {isa = PBXFileReference; explicitFileType = wrapper.application; includeInIndex = 0; path = NumberGame.app; sourceTree = BUILT_PRODUCTS_DIR; };
		60DCA7AD258B4E94009BD9B4 /* AppDelegate.swift */ = {isa = PBXFileReference; lastKnownFileType = sourcecode.swift; path = AppDelegate.swift; sourceTree = "<group>"; };
		60DCA7AF258B4E94009BD9B4 /* SceneDelegate.swift */ = {isa = PBXFileReference; lastKnownFileType = sourcecode.swift; path = SceneDelegate.swift; sourceTree = "<group>"; };
		60DCA7B6258B4E97009BD9B4 /* Assets.xcassets */ = {isa = PBXFileReference; lastKnownFileType = folder.assetcatalog; path = Assets.xcassets; sourceTree = "<group>"; };
		60DCA7B9258B4E97009BD9B4 /* Base */ = {isa = PBXFileReference; lastKnownFileType = file.storyboard; name = Base; path = Base.lproj/LaunchScreen.storyboard; sourceTree = "<group>"; };
		60DCA7BB258B4E97009BD9B4 /* Info.plist */ = {isa = PBXFileReference; lastKnownFileType = text.plist.xml; path = Info.plist; sourceTree = "<group>"; };
		60DCB0012590E5E9009BD9B4 /* GameListViewController.swift */ = {isa = PBXFileReference; lastKnownFileType = sourcecode.swift; path = GameListViewController.swift; sourceTree = "<group>"; };
		A296999119637D2B3535F749 /* Pods-NumberGame.debug.xcconfig */ = {isa = PBXFileReference; includeInIndex = 1; lastKnownFileType = text.xcconfig; name = "Pods-NumberGame.debug.xcconfig"; path = "Target Support Files/Pods-NumberGame/Pods-NumberGame.debug.xcconfig"; sourceTree = "<group>"; };
		B5630E1C8B110FDEBD954711 /* Pods_NumberGame.framework */ = {isa = PBXFileReference; explicitFileType = wrapper.framework; includeInIndex = 0; path = Pods_NumberGame.framework; sourceTree = BUILT_PRODUCTS_DIR; };
		FF83C26925AA3E920020E7EC /* UIColore+Init.swift */ = {isa = PBXFileReference; lastKnownFileType = sourcecode.swift; path = "UIColore+Init.swift"; sourceTree = "<group>"; };
/* End PBXFileReference section */

/* Begin PBXFrameworksBuildPhase section */
		60DCA7A7258B4E94009BD9B4 /* Frameworks */ = {
			isa = PBXFrameworksBuildPhase;
			buildActionMask = 2147483647;
			files = (
				87A6F1EAF8FD7339273E9688 /* Pods_NumberGame.framework in Frameworks */,
			);
			runOnlyForDeploymentPostprocessing = 0;
		};
/* End PBXFrameworksBuildPhase section */

/* Begin PBXGroup section */
		3128EE2D697FE60309AC0024 /* Frameworks */ = {
			isa = PBXGroup;
			children = (
				B5630E1C8B110FDEBD954711 /* Pods_NumberGame.framework */,
			);
			name = Frameworks;
			sourceTree = "<group>";
		};
		603486E62591008D0060EF0C /* Utilities */ = {
			isa = PBXGroup;
			children = (
				606416F725A6ED90004ED168 /* Array */,
				603486E72591009C0060EF0C /* Extensions.swift */,
				609257A025A8F15000D407B0 /* UIImage */,
			);
			path = Utilities;
			sourceTree = "<group>";
		};
		603486F1259106750060EF0C /* UpAndDown */ = {
			isa = PBXGroup;
			children = (
				603486F2259106840060EF0C /* UpAndDownGameViewController.swift */,
			);
			path = UpAndDown;
			sourceTree = "<group>";
		};
		606416F225A6EBCC004ED168 /* InputNumber */ = {
			isa = PBXGroup;
			children = (
				606416F425A6EBE9004ED168 /* InputNumberViewController.swift */,
			);
			path = InputNumber;
			sourceTree = "<group>";
		};
		606416F725A6ED90004ED168 /* Array */ = {
			isa = PBXGroup;
			children = (
				606416F825A6ED9C004ED168 /* Array+Chunked.swift */,
			);
			path = Array;
			sourceTree = "<group>";
		};
		609257A025A8F15000D407B0 /* UIImage */ = {
			isa = PBXGroup;
			children = (
				609257A125A8F16600D407B0 /* UIImageFromUIColor.swift */,
				FF83C26925AA3E920020E7EC /* UIColore+Init.swift */,
			);
			path = UIImage;
			sourceTree = "<group>";
		};
		60D7B6972590FFE50078E884 /* View */ = {
			isa = PBXGroup;
			children = (
				60D7B6942590FFE20078E884 /* GameCell.swift */,
			);
			path = View;
			sourceTree = "<group>";
		};
		60DCA7A1258B4E94009BD9B4 = {
			isa = PBXGroup;
			children = (
				3128EE2D697FE60309AC0024 /* Frameworks */,
				60DCA7AC258B4E94009BD9B4 /* NumberGame */,
				C6E1968B3C8833AF47718F6F /* Pods */,
				60DCA7AB258B4E94009BD9B4 /* Products */,
			);
			sourceTree = "<group>";
		};
		60DCA7AB258B4E94009BD9B4 /* Products */ = {
			isa = PBXGroup;
			children = (
				60DCA7AA258B4E94009BD9B4 /* NumberGame.app */,
			);
			name = Products;
			sourceTree = "<group>";
		};
		60DCA7AC258B4E94009BD9B4 /* NumberGame */ = {
			isa = PBXGroup;
			children = (
				60DCAFFA2590E4F2009BD9B4 /* Resources */,
				60DCAFF92590E4EE009BD9B4 /* Sources */,
			);
			path = NumberGame;
			sourceTree = "<group>";
		};
		60DCAFF92590E4EE009BD9B4 /* Sources */ = {
			isa = PBXGroup;
			children = (
				60DCAFFB2590E4FD009BD9B4 /* Application */,
				60DCAFFF2590E5BD009BD9B4 /* Features */,
				603486E62591008D0060EF0C /* Utilities */,
			);
			path = Sources;
			sourceTree = "<group>";
		};
		60DCAFFA2590E4F2009BD9B4 /* Resources */ = {
			isa = PBXGroup;
			children = (
				60DCA7B6258B4E97009BD9B4 /* Assets.xcassets */,
				60DCA7BB258B4E97009BD9B4 /* Info.plist */,
				60DCA7B8258B4E97009BD9B4 /* LaunchScreen.storyboard */,
			);
			path = Resources;
			sourceTree = "<group>";
		};
		60DCAFFB2590E4FD009BD9B4 /* Application */ = {
			isa = PBXGroup;
			children = (
				60DCA7AD258B4E94009BD9B4 /* AppDelegate.swift */,
				60DCA7AF258B4E94009BD9B4 /* SceneDelegate.swift */,
			);
			path = Application;
			sourceTree = "<group>";
		};
		60DCAFFF2590E5BD009BD9B4 /* Features */ = {
			isa = PBXGroup;
			children = (
				60DCB0002590E5CD009BD9B4 /* GameList */,
				606416F225A6EBCC004ED168 /* InputNumber */,
				603486F1259106750060EF0C /* UpAndDown */,
			);
			path = Features;
			sourceTree = "<group>";
		};
		60DCB0002590E5CD009BD9B4 /* GameList */ = {
			isa = PBXGroup;
			children = (
				60DCB0012590E5E9009BD9B4 /* GameListViewController.swift */,
				60D7B6972590FFE50078E884 /* View */,
			);
			path = GameList;
			sourceTree = "<group>";
		};
		C6E1968B3C8833AF47718F6F /* Pods */ = {
			isa = PBXGroup;
			children = (
				A296999119637D2B3535F749 /* Pods-NumberGame.debug.xcconfig */,
				0BE6DD22B5D21258449E3469 /* Pods-NumberGame.release.xcconfig */,
			);
			path = Pods;
			sourceTree = "<group>";
		};
/* End PBXGroup section */

/* Begin PBXNativeTarget section */
		60DCA7A9258B4E94009BD9B4 /* NumberGame */ = {
			isa = PBXNativeTarget;
			buildConfigurationList = 60DCA7BE258B4E97009BD9B4 /* Build configuration list for PBXNativeTarget "NumberGame" */;
			buildPhases = (
				3DD793F29BA7133702E707CC /* [CP] Check Pods Manifest.lock */,
				60DCA7A6258B4E94009BD9B4 /* Sources */,
				60DCA7A7258B4E94009BD9B4 /* Frameworks */,
				60DCA7A8258B4E94009BD9B4 /* Resources */,
				D5F45D9841430851719EA2FF /* [CP] Embed Pods Frameworks */,
			);
			buildRules = (
			);
			dependencies = (
			);
			name = NumberGame;
			productName = NumberGame;
			productReference = 60DCA7AA258B4E94009BD9B4 /* NumberGame.app */;
			productType = "com.apple.product-type.application";
		};
/* End PBXNativeTarget section */

/* Begin PBXProject section */
		60DCA7A2258B4E94009BD9B4 /* Project object */ = {
			isa = PBXProject;
			attributes = {
				LastSwiftUpdateCheck = 1220;
				LastUpgradeCheck = 1220;
				TargetAttributes = {
					60DCA7A9258B4E94009BD9B4 = {
						CreatedOnToolsVersion = 12.2;
					};
				};
			};
			buildConfigurationList = 60DCA7A5258B4E94009BD9B4 /* Build configuration list for PBXProject "NumberGame" */;
			compatibilityVersion = "Xcode 9.3";
			developmentRegion = en;
			hasScannedForEncodings = 0;
			knownRegions = (
				en,
				Base,
			);
			mainGroup = 60DCA7A1258B4E94009BD9B4;
			productRefGroup = 60DCA7AB258B4E94009BD9B4 /* Products */;
			projectDirPath = "";
			projectRoot = "";
			targets = (
				60DCA7A9258B4E94009BD9B4 /* NumberGame */,
			);
		};
/* End PBXProject section */

/* Begin PBXResourcesBuildPhase section */
		60DCA7A8258B4E94009BD9B4 /* Resources */ = {
			isa = PBXResourcesBuildPhase;
			buildActionMask = 2147483647;
			files = (
				60DCA7B7258B4E97009BD9B4 /* Assets.xcassets in Resources */,
				60DCA7BA258B4E97009BD9B4 /* LaunchScreen.storyboard in Resources */,
			);
			runOnlyForDeploymentPostprocessing = 0;
		};
/* End PBXResourcesBuildPhase section */

/* Begin PBXShellScriptBuildPhase section */
		3DD793F29BA7133702E707CC /* [CP] Check Pods Manifest.lock */ = {
			isa = PBXShellScriptBuildPhase;
			buildActionMask = 2147483647;
			files = (
			);
			inputFileListPaths = (
			);
			inputPaths = (
				"${PODS_PODFILE_DIR_PATH}/Podfile.lock",
				"${PODS_ROOT}/Manifest.lock",
			);
			name = "[CP] Check Pods Manifest.lock";
			outputFileListPaths = (
			);
			outputPaths = (
				"$(DERIVED_FILE_DIR)/Pods-NumberGame-checkManifestLockResult.txt",
			);
			runOnlyForDeploymentPostprocessing = 0;
			shellPath = /bin/sh;
			shellScript = "diff \"${PODS_PODFILE_DIR_PATH}/Podfile.lock\" \"${PODS_ROOT}/Manifest.lock\" > /dev/null\nif [ $? != 0 ] ; then\n    # print error to STDERR\n    echo \"error: The sandbox is not in sync with the Podfile.lock. Run 'pod install' or update your CocoaPods installation.\" >&2\n    exit 1\nfi\n# This output is used by Xcode 'outputs' to avoid re-running this script phase.\necho \"SUCCESS\" > \"${SCRIPT_OUTPUT_FILE_0}\"\n";
			showEnvVarsInLog = 0;
		};
		D5F45D9841430851719EA2FF /* [CP] Embed Pods Frameworks */ = {
			isa = PBXShellScriptBuildPhase;
			buildActionMask = 2147483647;
			files = (
			);
			inputFileListPaths = (
				"${PODS_ROOT}/Target Support Files/Pods-NumberGame/Pods-NumberGame-frameworks-${CONFIGURATION}-input-files.xcfilelist",
			);
			name = "[CP] Embed Pods Frameworks";
			outputFileListPaths = (
				"${PODS_ROOT}/Target Support Files/Pods-NumberGame/Pods-NumberGame-frameworks-${CONFIGURATION}-output-files.xcfilelist",
			);
			runOnlyForDeploymentPostprocessing = 0;
			shellPath = /bin/sh;
			shellScript = "\"${PODS_ROOT}/Target Support Files/Pods-NumberGame/Pods-NumberGame-frameworks.sh\"\n";
			showEnvVarsInLog = 0;
		};
/* End PBXShellScriptBuildPhase section */

/* Begin PBXSourcesBuildPhase section */
		60DCA7A6258B4E94009BD9B4 /* Sources */ = {
			isa = PBXSourcesBuildPhase;
			buildActionMask = 2147483647;
			files = (
				60DCA7AE258B4E94009BD9B4 /* AppDelegate.swift in Sources */,
				606416F925A6ED9C004ED168 /* Array+Chunked.swift in Sources */,
				603486E82591009C0060EF0C /* Extensions.swift in Sources */,
				FF83C26A25AA3E920020E7EC /* UIColore+Init.swift in Sources */,
				60D7B6952590FFE20078E884 /* GameCell.swift in Sources */,
				60DCB0022590E5E9009BD9B4 /* GameListViewController.swift in Sources */,
				606416F525A6EBE9004ED168 /* InputNumberViewController.swift in Sources */,
				60DCA7B0258B4E94009BD9B4 /* SceneDelegate.swift in Sources */,
				609257A225A8F16600D407B0 /* UIImageFromUIColor.swift in Sources */,
				603486F3259106840060EF0C /* UpAndDownGameViewController.swift in Sources */,
			);
			runOnlyForDeploymentPostprocessing = 0;
		};
/* End PBXSourcesBuildPhase section */

/* Begin PBXVariantGroup section */
		60DCA7B8258B4E97009BD9B4 /* LaunchScreen.storyboard */ = {
			isa = PBXVariantGroup;
			children = (
				60DCA7B9258B4E97009BD9B4 /* Base */,
			);
			name = LaunchScreen.storyboard;
			sourceTree = "<group>";
		};
/* End PBXVariantGroup section */

/* Begin XCBuildConfiguration section */
		60DCA7BC258B4E97009BD9B4 /* Debug */ = {
			isa = XCBuildConfiguration;
			buildSettings = {
				ALWAYS_SEARCH_USER_PATHS = NO;
				CLANG_ANALYZER_NONNULL = YES;
				CLANG_ANALYZER_NUMBER_OBJECT_CONVERSION = YES_AGGRESSIVE;
				CLANG_CXX_LANGUAGE_STANDARD = "gnu++14";
				CLANG_CXX_LIBRARY = "libc++";
				CLANG_ENABLE_MODULES = YES;
				CLANG_ENABLE_OBJC_ARC = YES;
				CLANG_ENABLE_OBJC_WEAK = YES;
				CLANG_WARN_BLOCK_CAPTURE_AUTORELEASING = YES;
				CLANG_WARN_BOOL_CONVERSION = YES;
				CLANG_WARN_COMMA = YES;
				CLANG_WARN_CONSTANT_CONVERSION = YES;
				CLANG_WARN_DEPRECATED_OBJC_IMPLEMENTATIONS = YES;
				CLANG_WARN_DIRECT_OBJC_ISA_USAGE = YES_ERROR;
				CLANG_WARN_DOCUMENTATION_COMMENTS = YES;
				CLANG_WARN_EMPTY_BODY = YES;
				CLANG_WARN_ENUM_CONVERSION = YES;
				CLANG_WARN_INFINITE_RECURSION = YES;
				CLANG_WARN_INT_CONVERSION = YES;
				CLANG_WARN_NON_LITERAL_NULL_CONVERSION = YES;
				CLANG_WARN_OBJC_IMPLICIT_RETAIN_SELF = YES;
				CLANG_WARN_OBJC_LITERAL_CONVERSION = YES;
				CLANG_WARN_OBJC_ROOT_CLASS = YES_ERROR;
				CLANG_WARN_QUOTED_INCLUDE_IN_FRAMEWORK_HEADER = YES;
				CLANG_WARN_RANGE_LOOP_ANALYSIS = YES;
				CLANG_WARN_STRICT_PROTOTYPES = YES;
				CLANG_WARN_SUSPICIOUS_MOVE = YES;
				CLANG_WARN_UNGUARDED_AVAILABILITY = YES_AGGRESSIVE;
				CLANG_WARN_UNREACHABLE_CODE = YES;
				CLANG_WARN__DUPLICATE_METHOD_MATCH = YES;
				COPY_PHASE_STRIP = NO;
				DEBUG_INFORMATION_FORMAT = dwarf;
				ENABLE_STRICT_OBJC_MSGSEND = YES;
				ENABLE_TESTABILITY = YES;
				GCC_C_LANGUAGE_STANDARD = gnu11;
				GCC_DYNAMIC_NO_PIC = NO;
				GCC_NO_COMMON_BLOCKS = YES;
				GCC_OPTIMIZATION_LEVEL = 0;
				GCC_PREPROCESSOR_DEFINITIONS = (
					"DEBUG=1",
					"$(inherited)",
				);
				GCC_WARN_64_TO_32_BIT_CONVERSION = YES;
				GCC_WARN_ABOUT_RETURN_TYPE = YES_ERROR;
				GCC_WARN_UNDECLARED_SELECTOR = YES;
				GCC_WARN_UNINITIALIZED_AUTOS = YES_AGGRESSIVE;
				GCC_WARN_UNUSED_FUNCTION = YES;
				GCC_WARN_UNUSED_VARIABLE = YES;
				IPHONEOS_DEPLOYMENT_TARGET = 14.2;
				MTL_ENABLE_DEBUG_INFO = INCLUDE_SOURCE;
				MTL_FAST_MATH = YES;
				ONLY_ACTIVE_ARCH = YES;
				SDKROOT = iphoneos;
				SWIFT_ACTIVE_COMPILATION_CONDITIONS = DEBUG;
				SWIFT_OPTIMIZATION_LEVEL = "-Onone";
			};
			name = Debug;
		};
		60DCA7BD258B4E97009BD9B4 /* Release */ = {
			isa = XCBuildConfiguration;
			buildSettings = {
				ALWAYS_SEARCH_USER_PATHS = NO;
				CLANG_ANALYZER_NONNULL = YES;
				CLANG_ANALYZER_NUMBER_OBJECT_CONVERSION = YES_AGGRESSIVE;
				CLANG_CXX_LANGUAGE_STANDARD = "gnu++14";
				CLANG_CXX_LIBRARY = "libc++";
				CLANG_ENABLE_MODULES = YES;
				CLANG_ENABLE_OBJC_ARC = YES;
				CLANG_ENABLE_OBJC_WEAK = YES;
				CLANG_WARN_BLOCK_CAPTURE_AUTORELEASING = YES;
				CLANG_WARN_BOOL_CONVERSION = YES;
				CLANG_WARN_COMMA = YES;
				CLANG_WARN_CONSTANT_CONVERSION = YES;
				CLANG_WARN_DEPRECATED_OBJC_IMPLEMENTATIONS = YES;
				CLANG_WARN_DIRECT_OBJC_ISA_USAGE = YES_ERROR;
				CLANG_WARN_DOCUMENTATION_COMMENTS = YES;
				CLANG_WARN_EMPTY_BODY = YES;
				CLANG_WARN_ENUM_CONVERSION = YES;
				CLANG_WARN_INFINITE_RECURSION = YES;
				CLANG_WARN_INT_CONVERSION = YES;
				CLANG_WARN_NON_LITERAL_NULL_CONVERSION = YES;
				CLANG_WARN_OBJC_IMPLICIT_RETAIN_SELF = YES;
				CLANG_WARN_OBJC_LITERAL_CONVERSION = YES;
				CLANG_WARN_OBJC_ROOT_CLASS = YES_ERROR;
				CLANG_WARN_QUOTED_INCLUDE_IN_FRAMEWORK_HEADER = YES;
				CLANG_WARN_RANGE_LOOP_ANALYSIS = YES;
				CLANG_WARN_STRICT_PROTOTYPES = YES;
				CLANG_WARN_SUSPICIOUS_MOVE = YES;
				CLANG_WARN_UNGUARDED_AVAILABILITY = YES_AGGRESSIVE;
				CLANG_WARN_UNREACHABLE_CODE = YES;
				CLANG_WARN__DUPLICATE_METHOD_MATCH = YES;
				COPY_PHASE_STRIP = NO;
				DEBUG_INFORMATION_FORMAT = "dwarf-with-dsym";
				ENABLE_NS_ASSERTIONS = NO;
				ENABLE_STRICT_OBJC_MSGSEND = YES;
				GCC_C_LANGUAGE_STANDARD = gnu11;
				GCC_NO_COMMON_BLOCKS = YES;
				GCC_WARN_64_TO_32_BIT_CONVERSION = YES;
				GCC_WARN_ABOUT_RETURN_TYPE = YES_ERROR;
				GCC_WARN_UNDECLARED_SELECTOR = YES;
				GCC_WARN_UNINITIALIZED_AUTOS = YES_AGGRESSIVE;
				GCC_WARN_UNUSED_FUNCTION = YES;
				GCC_WARN_UNUSED_VARIABLE = YES;
				IPHONEOS_DEPLOYMENT_TARGET = 14.2;
				MTL_ENABLE_DEBUG_INFO = NO;
				MTL_FAST_MATH = YES;
				SDKROOT = iphoneos;
				SWIFT_COMPILATION_MODE = wholemodule;
				SWIFT_OPTIMIZATION_LEVEL = "-O";
				VALIDATE_PRODUCT = YES;
			};
			name = Release;
		};
		60DCA7BF258B4E97009BD9B4 /* Debug */ = {
			isa = XCBuildConfiguration;
			baseConfigurationReference = A296999119637D2B3535F749 /* Pods-NumberGame.debug.xcconfig */;
			buildSettings = {
				ASSETCATALOG_COMPILER_APPICON_NAME = AppIcon;
				ASSETCATALOG_COMPILER_GLOBAL_ACCENT_COLOR_NAME = AccentColor;
				CODE_SIGN_STYLE = Automatic;
				INFOPLIST_FILE = "$(SRCROOT)/NumberGame/Resources/Info.plist";
				IPHONEOS_DEPLOYMENT_TARGET = 14.0;
				LD_RUNPATH_SEARCH_PATHS = (
					"$(inherited)",
					"@executable_path/Frameworks",
				);
				PRODUCT_BUNDLE_IDENTIFIER = tokijh.NumberGame;
				PRODUCT_NAME = "$(TARGET_NAME)";
				SWIFT_VERSION = 5.0;
				TARGETED_DEVICE_FAMILY = "1,2";
			};
			name = Debug;
		};
		60DCA7C0258B4E97009BD9B4 /* Release */ = {
			isa = XCBuildConfiguration;
			baseConfigurationReference = 0BE6DD22B5D21258449E3469 /* Pods-NumberGame.release.xcconfig */;
			buildSettings = {
				ASSETCATALOG_COMPILER_APPICON_NAME = AppIcon;
				ASSETCATALOG_COMPILER_GLOBAL_ACCENT_COLOR_NAME = AccentColor;
				CODE_SIGN_STYLE = Automatic;
				INFOPLIST_FILE = "$(SRCROOT)/NumberGame/Resources/Info.plist";
				IPHONEOS_DEPLOYMENT_TARGET = 14.0;
				LD_RUNPATH_SEARCH_PATHS = (
					"$(inherited)",
					"@executable_path/Frameworks",
				);
				PRODUCT_BUNDLE_IDENTIFIER = tokijh.NumberGame;
				PRODUCT_NAME = "$(TARGET_NAME)";
				SWIFT_VERSION = 5.0;
				TARGETED_DEVICE_FAMILY = "1,2";
			};
			name = Release;
		};
/* End XCBuildConfiguration section */

/* Begin XCConfigurationList section */
		60DCA7A5258B4E94009BD9B4 /* Build configuration list for PBXProject "NumberGame" */ = {
			isa = XCConfigurationList;
			buildConfigurations = (
				60DCA7BC258B4E97009BD9B4 /* Debug */,
				60DCA7BD258B4E97009BD9B4 /* Release */,
			);
			defaultConfigurationIsVisible = 0;
			defaultConfigurationName = Release;
		};
		60DCA7BE258B4E97009BD9B4 /* Build configuration list for PBXNativeTarget "NumberGame" */ = {
			isa = XCConfigurationList;
			buildConfigurations = (
				60DCA7BF258B4E97009BD9B4 /* Debug */,
				60DCA7C0258B4E97009BD9B4 /* Release */,
			);
			defaultConfigurationIsVisible = 0;
			defaultConfigurationName = Release;
		};
/* End XCConfigurationList section */
	};
	rootObject = 60DCA7A2258B4E94009BD9B4 /* Project object */;
}
